Microsoft Visual Studio Solution File, Format Version 12.00
# Visual Studio Version 17
VisualStudioVersion = 17.5.2.0
MinimumVisualStudioVersion = 10.0.40219.1
Project("{FAE04EC0-301F-11D3-BF4B-00C04F79EFBC}") = "thais", "thais.csproj", "{EF692A8D-7D6C-FF71-F3A2-2BA40D131FDA}"
EndProject
Project("{FAE04EC0-301F-11D3-BF4B-00C04F79EFBC}") = "WebApi", "WebApi\WebApi.csproj", "{8D6B33C5-CEE1-20B5-A207-99CBB61F699C}"
EndProject
Global
	GlobalSection(SolutionConfigurationPlatforms) = preSolution
		Debug|Any CPU = Debug|Any CPU
		Release|Any CPU = Release|Any CPU
	EndGlobalSection
	GlobalSection(ProjectConfigurationPlatforms) = postSolution
		{EF692A8D-7D6C-FF71-F3A2-2BA40D131FDA}.Debug|Any CPU.ActiveCfg = Debug|Any CPU
		{EF692A8D-7D6C-FF71-F3A2-2BA40D131FDA}.Debug|Any CPU.Build.0 = Debug|Any CPU
		{EF692A8D-7D6C-FF71-F3A2-2BA40D131FDA}.Release|Any CPU.ActiveCfg = Release|Any CPU
		{EF692A8D-7D6C-FF71-F3A2-2BA40D131FDA}.Release|Any CPU.Build.0 = Release|Any CPU
		{8D6B33C5-CEE1-20B5-A207-99CBB61F699C}.Debug|Any CPU.ActiveCfg = Debug|Any CPU
		{8D6B33C5-CEE1-20B5-A207-99CBB61F699C}.Debug|Any CPU.Build.0 = Debug|Any CPU
		{8D6B33C5-CEE1-20B5-A207-99CBB61F699C}.Release|Any CPU.ActiveCfg = Release|Any CPU
		{8D6B33C5-CEE1-20B5-A207-99CBB61F699C}.Release|Any CPU.Build.0 = Release|Any CPU
	EndGlobalSection
	GlobalSection(SolutionProperties) = preSolution
		HideSolutionNode = FALSE
	EndGlobalSection
	GlobalSection(ExtensibilityGlobals) = postSolution
		SolutionGuid = {2BE43595-7AFD-4A1C-8970-41ED871D9A05}
	EndGlobalSection
EndGlobal
